
Microsoft Visual Studio Solution File, Format Version 12.00
# Visual Studio Version 16
VisualStudioVersion = 16.0.30114.105
MinimumVisualStudioVersion = 10.0.40219.1
Project("{FAE04EC0-301F-11D3-BF4B-00C04F79EFBC}") = "DockerTest3", "DockerTest3\DockerTest3.csproj", "{D26DE5C2-3E56-4256-830C-42AF00B792B2}"
EndProject
Global
	GlobalSection(SolutionConfigurationPlatforms) = preSolution
		Debug|Any CPU = Debug|Any CPU
		Release|Any CPU = Release|Any CPU
	EndGlobalSection
	GlobalSection(ProjectConfigurationPlatforms) = postSolution
		{D26DE5C2-3E56-4256-830C-42AF00B792B2}.Debug|Any CPU.ActiveCfg = Debug|Any CPU
		{D26DE5C2-3E56-4256-830C-42AF00B792B2}.Debug|Any CPU.Build.0 = Debug|Any CPU
		{D26DE5C2-3E56-4256-830C-42AF00B792B2}.Release|Any CPU.ActiveCfg = Release|Any CPU
		{D26DE5C2-3E56-4256-830C-42AF00B792B2}.Release|Any CPU.Build.0 = Release|Any CPU
	EndGlobalSection
	GlobalSection(SolutionProperties) = preSolution
		HideSolutionNode = FALSE
	EndGlobalSection
	GlobalSection(ExtensibilityGlobals) = postSolution
		SolutionGuid = {03913772-23DF-4FE0-B6AE-CF5080355BA1}
	EndGlobalSection
EndGlobal
